
Microsoft Visual Studio Solution File, Format Version 12.00
# Visual Studio Version 17
VisualStudioVersion = 17.3.32922.545
MinimumVisualStudioVersion = 10.0.40219.1
Project("{9A19103F-16F7-4668-BE54-9A1E7A4F7556}") = "SVTRobotDistance", "SVTRobotDistance\SVTRobotDistance.csproj", "{D581ED58-6DD9-4184-A74B-D26D8479650A}"
EndProject
Global
	GlobalSection(SolutionConfigurationPlatforms) = preSolution
		Debug|Any CPU = Debug|Any CPU
		Release|Any CPU = Release|Any CPU
	EndGlobalSection
	GlobalSection(ProjectConfigurationPlatforms) = postSolution
		{D581ED58-6DD9-4184-A74B-D26D8479650A}.Debug|Any CPU.ActiveCfg = Debug|Any CPU
		{D581ED58-6DD9-4184-A74B-D26D8479650A}.Debug|Any CPU.Build.0 = Debug|Any CPU
		{D581ED58-6DD9-4184-A74B-D26D8479650A}.Release|Any CPU.ActiveCfg = Release|Any CPU
		{D581ED58-6DD9-4184-A74B-D26D8479650A}.Release|Any CPU.Build.0 = Release|Any CPU
	EndGlobalSection
	GlobalSection(SolutionProperties) = preSolution
		HideSolutionNode = FALSE
	EndGlobalSection
	GlobalSection(ExtensibilityGlobals) = postSolution
		SolutionGuid = {ACCFEF5E-ACF8-4595-8DA7-4C1C60372001}
	EndGlobalSection
EndGlobal
